
Microsoft Visual Studio Solution File, Format Version 12.00
# Visual Studio Version 16
VisualStudioVersion = 16.0.31105.61
MinimumVisualStudioVersion = 10.0.40219.1
Project("{FAE04EC0-301F-11D3-BF4B-00C04F79EFBC}") = "Caculates the square of an integer and a double", "Caculates the square of an integer and a double\Caculates the square of an integer and a double.csproj", "{2BBDACA3-F109-446D-9D1F-DEF7FBE1C8A6}"
EndProject
Global
	GlobalSection(SolutionConfigurationPlatforms) = preSolution
		Debug|Any CPU = Debug|Any CPU
		Release|Any CPU = Release|Any CPU
	EndGlobalSection
	GlobalSection(ProjectConfigurationPlatforms) = postSolution
		{2BBDACA3-F109-446D-9D1F-DEF7FBE1C8A6}.Debug|Any CPU.ActiveCfg = Debug|Any CPU
		{2BBDACA3-F109-446D-9D1F-DEF7FBE1C8A6}.Debug|Any CPU.Build.0 = Debug|Any CPU
		{2BBDACA3-F109-446D-9D1F-DEF7FBE1C8A6}.Release|Any CPU.ActiveCfg = Release|Any CPU
		{2BBDACA3-F109-446D-9D1F-DEF7FBE1C8A6}.Release|Any CPU.Build.0 = Release|Any CPU
	EndGlobalSection
	GlobalSection(SolutionProperties) = preSolution
		HideSolutionNode = FALSE
	EndGlobalSection
	GlobalSection(ExtensibilityGlobals) = postSolution
		SolutionGuid = {C40EF952-4EB2-4983-A396-EF0F78FBD8D5}
	EndGlobalSection
EndGlobal
