
Microsoft Visual Studio Solution File, Format Version 12.00
# Visual Studio Version 16
VisualStudioVersion = 16.0.31105.61
MinimumVisualStudioVersion = 10.0.40219.1
Project("{FAE04EC0-301F-11D3-BF4B-00C04F79EFBC}") = "Caculates square of an integer and a double", "Caculates square of an integer and a double\Caculates square of an integer and a double.csproj", "{5F81CDC6-A3F8-4755-AB10-D5D97B720458}"
EndProject
Global
	GlobalSection(SolutionConfigurationPlatforms) = preSolution
		Debug|Any CPU = Debug|Any CPU
		Release|Any CPU = Release|Any CPU
	EndGlobalSection
	GlobalSection(ProjectConfigurationPlatforms) = postSolution
		{5F81CDC6-A3F8-4755-AB10-D5D97B720458}.Debug|Any CPU.ActiveCfg = Debug|Any CPU
		{5F81CDC6-A3F8-4755-AB10-D5D97B720458}.Debug|Any CPU.Build.0 = Debug|Any CPU
		{5F81CDC6-A3F8-4755-AB10-D5D97B720458}.Release|Any CPU.ActiveCfg = Release|Any CPU
		{5F81CDC6-A3F8-4755-AB10-D5D97B720458}.Release|Any CPU.Build.0 = Release|Any CPU
	EndGlobalSection
	GlobalSection(SolutionProperties) = preSolution
		HideSolutionNode = FALSE
	EndGlobalSection
	GlobalSection(ExtensibilityGlobals) = postSolution
		SolutionGuid = {E93F0DAE-51BD-467F-86B8-44A4A1CCE244}
	EndGlobalSection
EndGlobal
