
Microsoft Visual Studio Solution File, Format Version 12.00
# Visual Studio Version 16
VisualStudioVersion = 16.0.31105.61
MinimumVisualStudioVersion = 10.0.40219.1
Project("{FAE04EC0-301F-11D3-BF4B-00C04F79EFBC}") = "Copy array", "Copy array\Copy array.csproj", "{F4356AFE-06C1-4A90-BC59-05FE536CEEBE}"
EndProject
Global
	GlobalSection(SolutionConfigurationPlatforms) = preSolution
		Debug|Any CPU = Debug|Any CPU
		Release|Any CPU = Release|Any CPU
	EndGlobalSection
	GlobalSection(ProjectConfigurationPlatforms) = postSolution
		{F4356AFE-06C1-4A90-BC59-05FE536CEEBE}.Debug|Any CPU.ActiveCfg = Debug|Any CPU
		{F4356AFE-06C1-4A90-BC59-05FE536CEEBE}.Debug|Any CPU.Build.0 = Debug|Any CPU
		{F4356AFE-06C1-4A90-BC59-05FE536CEEBE}.Release|Any CPU.ActiveCfg = Release|Any CPU
		{F4356AFE-06C1-4A90-BC59-05FE536CEEBE}.Release|Any CPU.Build.0 = Release|Any CPU
	EndGlobalSection
	GlobalSection(SolutionProperties) = preSolution
		HideSolutionNode = FALSE
	EndGlobalSection
	GlobalSection(ExtensibilityGlobals) = postSolution
		SolutionGuid = {DC772C5F-BEDB-4F9D-B69D-3831818383F9}
	EndGlobalSection
EndGlobal
