
Microsoft Visual Studio Solution File, Format Version 12.00
# Visual Studio Version 16
VisualStudioVersion = 16.0.31105.61
MinimumVisualStudioVersion = 10.0.40219.1
Project("{FAE04EC0-301F-11D3-BF4B-00C04F79EFBC}") = "Vehicle", "Vehicle\Vehicle.csproj", "{8ABB6AC3-08A4-4EBE-8DCB-83CD9C844379}"
EndProject
Global
	GlobalSection(SolutionConfigurationPlatforms) = preSolution
		Debug|Any CPU = Debug|Any CPU
		Release|Any CPU = Release|Any CPU
	EndGlobalSection
	GlobalSection(ProjectConfigurationPlatforms) = postSolution
		{8ABB6AC3-08A4-4EBE-8DCB-83CD9C844379}.Debug|Any CPU.ActiveCfg = Debug|Any CPU
		{8ABB6AC3-08A4-4EBE-8DCB-83CD9C844379}.Debug|Any CPU.Build.0 = Debug|Any CPU
		{8ABB6AC3-08A4-4EBE-8DCB-83CD9C844379}.Release|Any CPU.ActiveCfg = Release|Any CPU
		{8ABB6AC3-08A4-4EBE-8DCB-83CD9C844379}.Release|Any CPU.Build.0 = Release|Any CPU
	EndGlobalSection
	GlobalSection(SolutionProperties) = preSolution
		HideSolutionNode = FALSE
	EndGlobalSection
	GlobalSection(ExtensibilityGlobals) = postSolution
		SolutionGuid = {3EDCD05B-C287-4F1E-8D54-3251635A81E2}
	EndGlobalSection
EndGlobal
